
Microsoft Visual Studio Solution File, Format Version 12.00
# Visual Studio Version 17
VisualStudioVersion = 17.0.32112.339
MinimumVisualStudioVersion = 10.0.40219.1
Project("{9A19103F-16F7-4668-BE54-9A1E7A4F7556}") = "TbcBank.EcommerceClient", "TbcBank.EcommerceClient\TbcBank.EcommerceClient.csproj", "{E5D8F3FA-E045-42C1-8F97-26D0CB3741C9}"
EndProject
Project("{2150E333-8FDC-42A3-9474-1A3956D46DE8}") = "Testing", "Testing", "{E609C37E-06F8-44C9-B57F-320E582FFC18}"
EndProject
Project("{9A19103F-16F7-4668-BE54-9A1E7A4F7556}") = "TbcBank.EcommerceClient.TestConsoleApp", "Testing\TbcBank.EcommerceClient.TestConsoleApp\TbcBank.EcommerceClient.TestConsoleApp.csproj", "{1733A9AD-85E6-4688-AF92-F1DE0EBC7F41}"
EndProject
Project("{9A19103F-16F7-4668-BE54-9A1E7A4F7556}") = "TbcBank.EcommerceClient.Tests", "Testing\TbcBank.EcommerceClient.Tests\TbcBank.EcommerceClient.Tests.csproj", "{6EABFCE2-A2F1-4922-97FE-64E3A0D42410}"
EndProject
Project("{2150E333-8FDC-42A3-9474-1A3956D46DE8}") = "Docs", "Docs", "{87E0BC95-EB9B-450A-BEF2-BA94E8FC8367}"
	ProjectSection(SolutionItems) = preProject
		..\README.md = ..\README.md
		..\RELEASE-NOTES.txt = ..\RELEASE-NOTES.txt
	EndProjectSection
EndProject
Project("{9A19103F-16F7-4668-BE54-9A1E7A4F7556}") = "Example.WebApp", "Docs\Example.WebApp\Example.WebApp.csproj", "{204987D7-7ED0-4C7E-9876-1A073B2473CA}"
EndProject
Global
	GlobalSection(SolutionConfigurationPlatforms) = preSolution
		Debug|Any CPU = Debug|Any CPU
		Release|Any CPU = Release|Any CPU
	EndGlobalSection
	GlobalSection(ProjectConfigurationPlatforms) = postSolution
		{E5D8F3FA-E045-42C1-8F97-26D0CB3741C9}.Debug|Any CPU.ActiveCfg = Debug|Any CPU
		{E5D8F3FA-E045-42C1-8F97-26D0CB3741C9}.Debug|Any CPU.Build.0 = Debug|Any CPU
		{E5D8F3FA-E045-42C1-8F97-26D0CB3741C9}.Release|Any CPU.ActiveCfg = Release|Any CPU
		{E5D8F3FA-E045-42C1-8F97-26D0CB3741C9}.Release|Any CPU.Build.0 = Release|Any CPU
		{1733A9AD-85E6-4688-AF92-F1DE0EBC7F41}.Debug|Any CPU.ActiveCfg = Debug|Any CPU
		{1733A9AD-85E6-4688-AF92-F1DE0EBC7F41}.Debug|Any CPU.Build.0 = Debug|Any CPU
		{1733A9AD-85E6-4688-AF92-F1DE0EBC7F41}.Release|Any CPU.ActiveCfg = Release|Any CPU
		{1733A9AD-85E6-4688-AF92-F1DE0EBC7F41}.Release|Any CPU.Build.0 = Release|Any CPU
		{6EABFCE2-A2F1-4922-97FE-64E3A0D42410}.Debug|Any CPU.ActiveCfg = Debug|Any CPU
		{6EABFCE2-A2F1-4922-97FE-64E3A0D42410}.Debug|Any CPU.Build.0 = Debug|Any CPU
		{6EABFCE2-A2F1-4922-97FE-64E3A0D42410}.Release|Any CPU.ActiveCfg = Release|Any CPU
		{6EABFCE2-A2F1-4922-97FE-64E3A0D42410}.Release|Any CPU.Build.0 = Release|Any CPU
		{204987D7-7ED0-4C7E-9876-1A073B2473CA}.Debug|Any CPU.ActiveCfg = Debug|Any CPU
		{204987D7-7ED0-4C7E-9876-1A073B2473CA}.Debug|Any CPU.Build.0 = Debug|Any CPU
		{204987D7-7ED0-4C7E-9876-1A073B2473CA}.Release|Any CPU.ActiveCfg = Release|Any CPU
		{204987D7-7ED0-4C7E-9876-1A073B2473CA}.Release|Any CPU.Build.0 = Release|Any CPU
	EndGlobalSection
	GlobalSection(SolutionProperties) = preSolution
		HideSolutionNode = FALSE
	EndGlobalSection
	GlobalSection(NestedProjects) = preSolution
		{1733A9AD-85E6-4688-AF92-F1DE0EBC7F41} = {E609C37E-06F8-44C9-B57F-320E582FFC18}
		{6EABFCE2-A2F1-4922-97FE-64E3A0D42410} = {E609C37E-06F8-44C9-B57F-320E582FFC18}
		{204987D7-7ED0-4C7E-9876-1A073B2473CA} = {87E0BC95-EB9B-450A-BEF2-BA94E8FC8367}
	EndGlobalSection
	GlobalSection(ExtensibilityGlobals) = postSolution
		SolutionGuid = {B5C4504E-3E8E-4F1E-AB96-9A228A6843BC}
	EndGlobalSection
EndGlobal
