
Microsoft Visual Studio Solution File, Format Version 12.00
# Visual Studio Version 16
VisualStudioVersion = 16.0.29728.190
MinimumVisualStudioVersion = 10.0.40219.1
Project("{9A19103F-16F7-4668-BE54-9A1E7A4F7556}") = "TbcBank.EcommerceClient", "TbcBank.EcommerceClient\TbcBank.EcommerceClient.csproj", "{E5D8F3FA-E045-42C1-8F97-26D0CB3741C9}"
EndProject
Global
	GlobalSection(SolutionConfigurationPlatforms) = preSolution
		Debug|Any CPU = Debug|Any CPU
		Release|Any CPU = Release|Any CPU
	EndGlobalSection
	GlobalSection(ProjectConfigurationPlatforms) = postSolution
		{E5D8F3FA-E045-42C1-8F97-26D0CB3741C9}.Debug|Any CPU.ActiveCfg = Debug|Any CPU
		{E5D8F3FA-E045-42C1-8F97-26D0CB3741C9}.Debug|Any CPU.Build.0 = Debug|Any CPU
		{E5D8F3FA-E045-42C1-8F97-26D0CB3741C9}.Release|Any CPU.ActiveCfg = Release|Any CPU
		{E5D8F3FA-E045-42C1-8F97-26D0CB3741C9}.Release|Any CPU.Build.0 = Release|Any CPU
	EndGlobalSection
	GlobalSection(SolutionProperties) = preSolution
		HideSolutionNode = FALSE
	EndGlobalSection
	GlobalSection(ExtensibilityGlobals) = postSolution
		SolutionGuid = {B5C4504E-3E8E-4F1E-AB96-9A228A6843BC}
	EndGlobalSection
EndGlobal
